
Microsoft Visual Studio Solution File, Format Version 9.00
# Visual Studio 2005
Project("{8BC9CEB8-8B4A-11D0-8D11-00A0C91BC942}") = "PR.4.1", "PR.4.1\PR.4.1.vcproj", "{E50C885F-B947-4295-B08F-D3C46A7A9825}"
EndProject
Global
	GlobalSection(SolutionConfigurationPlatforms) = preSolution
		Debug|Win32 = Debug|Win32
		Release|Win32 = Release|Win32
	EndGlobalSection
	GlobalSection(ProjectConfigurationPlatforms) = postSolution
		{E50C885F-B947-4295-B08F-D3C46A7A9825}.Debug|Win32.ActiveCfg = Debug|Win32
		{E50C885F-B947-4295-B08F-D3C46A7A9825}.Debug|Win32.Build.0 = Debug|Win32
		{E50C885F-B947-4295-B08F-D3C46A7A9825}.Release|Win32.ActiveCfg = Release|Win32
		{E50C885F-B947-4295-B08F-D3C46A7A9825}.Release|Win32.Build.0 = Release|Win32
	EndGlobalSection
	GlobalSection(SolutionProperties) = preSolution
		HideSolutionNode = FALSE
	EndGlobalSection
EndGlobal
